// !$*UTF8*$!
{
	archiveVersion = 1;
	classes = {
	};
	objectVersion = 50;
	objects = {

/* Begin PBXBuildFile section */
		B12CB8E326782A5100A17F59 /* LiBiaoZuo.swift in Sources */ = {isa = PBXBuildFile; fileRef = B12CB8E226782A5100A17F59 /* LiBiaoZuo.swift */; };
		B1C1EBAE267C9D8200B2C269 /* KangXiZiDianTi.ttf in Resources */ = {isa = PBXBuildFile; fileRef = B1C1EBAD267C9D8200B2C269 /* KangXiZiDianTi.ttf */; };
		B1C90C742670D6C100CAC2F0 /* ChineseCalendarApp.swift in Sources */ = {isa = PBXBuildFile; fileRef = B1C90C732670D6C100CAC2F0 /* ChineseCalendarApp.swift */; };
		B1C90C762670D6C100CAC2F0 /* ContentView.swift in Sources */ = {isa = PBXBuildFile; fileRef = B1C90C752670D6C100CAC2F0 /* ContentView.swift */; };
		B1C90C782670D6C200CAC2F0 /* Assets.xcassets in Resources */ = {isa = PBXBuildFile; fileRef = B1C90C772670D6C200CAC2F0 /* Assets.xcassets */; };
		B1C90C7B2670D6C200CAC2F0 /* Preview Assets.xcassets in Resources */ = {isa = PBXBuildFile; fileRef = B1C90C7A2670D6C200CAC2F0 /* Preview Assets.xcassets */; };
		B1C90C832670E08500CAC2F0 /* ChineseCalendarKernel.swift in Sources */ = {isa = PBXBuildFile; fileRef = B1C90C822670E08500CAC2F0 /* ChineseCalendarKernel.swift */; };
		B1C90C872671E6AB00CAC2F0 /* LiJianZuo.swift in Sources */ = {isa = PBXBuildFile; fileRef = B1C90C862671E6AB00CAC2F0 /* LiJianZuo.swift */; };
/* End PBXBuildFile section */

/* Begin PBXFileReference section */
		B12CB8E226782A5100A17F59 /* LiBiaoZuo.swift */ = {isa = PBXFileReference; lastKnownFileType = sourcecode.swift; path = LiBiaoZuo.swift; sourceTree = "<group>"; };
		B1C1EBAD267C9D8200B2C269 /* KangXiZiDianTi.ttf */ = {isa = PBXFileReference; lastKnownFileType = file; path = KangXiZiDianTi.ttf; sourceTree = "<group>"; };
		B1C90C702670D6C100CAC2F0 /* ChineseCalendar.app */ = {isa = PBXFileReference; explicitFileType = wrapper.application; includeInIndex = 0; path = ChineseCalendar.app; sourceTree = BUILT_PRODUCTS_DIR; };
		B1C90C732670D6C100CAC2F0 /* ChineseCalendarApp.swift */ = {isa = PBXFileReference; lastKnownFileType = sourcecode.swift; path = ChineseCalendarApp.swift; sourceTree = "<group>"; };
		B1C90C752670D6C100CAC2F0 /* ContentView.swift */ = {isa = PBXFileReference; lastKnownFileType = sourcecode.swift; path = ContentView.swift; sourceTree = "<group>"; };
		B1C90C772670D6C200CAC2F0 /* Assets.xcassets */ = {isa = PBXFileReference; lastKnownFileType = folder.assetcatalog; path = Assets.xcassets; sourceTree = "<group>"; };
		B1C90C7A2670D6C200CAC2F0 /* Preview Assets.xcassets */ = {isa = PBXFileReference; lastKnownFileType = folder.assetcatalog; path = "Preview Assets.xcassets"; sourceTree = "<group>"; };
		B1C90C7C2670D6C200CAC2F0 /* Info.plist */ = {isa = PBXFileReference; lastKnownFileType = text.plist.xml; path = Info.plist; sourceTree = "<group>"; };
		B1C90C822670E08500CAC2F0 /* ChineseCalendarKernel.swift */ = {isa = PBXFileReference; lastKnownFileType = sourcecode.swift; path = ChineseCalendarKernel.swift; sourceTree = "<group>"; };
		B1C90C862671E6AB00CAC2F0 /* LiJianZuo.swift */ = {isa = PBXFileReference; lastKnownFileType = sourcecode.swift; path = LiJianZuo.swift; sourceTree = "<group>"; };
/* End PBXFileReference section */

/* Begin PBXFrameworksBuildPhase section */
		B1C90C6D2670D6C100CAC2F0 /* Frameworks */ = {
			isa = PBXFrameworksBuildPhase;
			buildActionMask = 2147483647;
			files = (
			);
			runOnlyForDeploymentPostprocessing = 0;
		};
/* End PBXFrameworksBuildPhase section */

/* Begin PBXGroup section */
		B1C90C672670D6C100CAC2F0 = {
			isa = PBXGroup;
			children = (
				B1C90C722670D6C100CAC2F0 /* ChineseCalendar */,
				B1C90C712670D6C100CAC2F0 /* Products */,
			);
			sourceTree = "<group>";
		};
		B1C90C712670D6C100CAC2F0 /* Products */ = {
			isa = PBXGroup;
			children = (
				B1C90C702670D6C100CAC2F0 /* ChineseCalendar.app */,
			);
			name = Products;
			sourceTree = "<group>";
		};
		B1C90C722670D6C100CAC2F0 /* ChineseCalendar */ = {
			isa = PBXGroup;
			children = (
				B1C90C732670D6C100CAC2F0 /* ChineseCalendarApp.swift */,
				B1C90C752670D6C100CAC2F0 /* ContentView.swift */,
				B12CB8E226782A5100A17F59 /* LiBiaoZuo.swift */,
				B1C1EBAD267C9D8200B2C269 /* KangXiZiDianTi.ttf */,
				B1C90C862671E6AB00CAC2F0 /* LiJianZuo.swift */,
				B1C90C822670E08500CAC2F0 /* ChineseCalendarKernel.swift */,
				B1C90C772670D6C200CAC2F0 /* Assets.xcassets */,
				B1C90C7C2670D6C200CAC2F0 /* Info.plist */,
				B1C90C792670D6C200CAC2F0 /* Preview Content */,
			);
			path = ChineseCalendar;
			sourceTree = "<group>";
		};
		B1C90C792670D6C200CAC2F0 /* Preview Content */ = {
			isa = PBXGroup;
			children = (
				B1C90C7A2670D6C200CAC2F0 /* Preview Assets.xcassets */,
			);
			path = "Preview Content";
			sourceTree = "<group>";
		};
/* End PBXGroup section */

/* Begin PBXNativeTarget section */
		B1C90C6F2670D6C100CAC2F0 /* ChineseCalendar */ = {
			isa = PBXNativeTarget;
			buildConfigurationList = B1C90C7F2670D6C200CAC2F0 /* Build configuration list for PBXNativeTarget "ChineseCalendar" */;
			buildPhases = (
				B1C90C6C2670D6C100CAC2F0 /* Sources */,
				B1C90C6D2670D6C100CAC2F0 /* Frameworks */,
				B1C90C6E2670D6C100CAC2F0 /* Resources */,
			);
			buildRules = (
			);
			dependencies = (
			);
			name = ChineseCalendar;
			productName = ChineseCalendar;
			productReference = B1C90C702670D6C100CAC2F0 /* ChineseCalendar.app */;
			productType = "com.apple.product-type.application";
		};
/* End PBXNativeTarget section */

/* Begin PBXProject section */
		B1C90C682670D6C100CAC2F0 /* Project object */ = {
			isa = PBXProject;
			attributes = {
				LastSwiftUpdateCheck = 1250;
				LastUpgradeCheck = 1250;
				TargetAttributes = {
					B1C90C6F2670D6C100CAC2F0 = {
						CreatedOnToolsVersion = 12.5;
					};
				};
			};
			buildConfigurationList = B1C90C6B2670D6C100CAC2F0 /* Build configuration list for PBXProject "ChineseCalendar" */;
			compatibilityVersion = "Xcode 9.3";
			developmentRegion = en;
			hasScannedForEncodings = 0;
			knownRegions = (
				en,
				Base,
			);
			mainGroup = B1C90C672670D6C100CAC2F0;
			productRefGroup = B1C90C712670D6C100CAC2F0 /* Products */;
			projectDirPath = "";
			projectRoot = "";
			targets = (
				B1C90C6F2670D6C100CAC2F0 /* ChineseCalendar */,
			);
		};
/* End PBXProject section */

/* Begin PBXResourcesBuildPhase section */
		B1C90C6E2670D6C100CAC2F0 /* Resources */ = {
			isa = PBXResourcesBuildPhase;
			buildActionMask = 2147483647;
			files = (
				B1C90C7B2670D6C200CAC2F0 /* Preview Assets.xcassets in Resources */,
				B1C90C782670D6C200CAC2F0 /* Assets.xcassets in Resources */,
				B1C1EBAE267C9D8200B2C269 /* KangXiZiDianTi.ttf in Resources */,
			);
			runOnlyForDeploymentPostprocessing = 0;
		};
/* End PBXResourcesBuildPhase section */

/* Begin PBXSourcesBuildPhase section */
		B1C90C6C2670D6C100CAC2F0 /* Sources */ = {
			isa = PBXSourcesBuildPhase;
			buildActionMask = 2147483647;
			files = (
				B1C90C762670D6C100CAC2F0 /* ContentView.swift in Sources */,
				B1C90C872671E6AB00CAC2F0 /* LiJianZuo.swift in Sources */,
				B12CB8E326782A5100A17F59 /* LiBiaoZuo.swift in Sources */,
				B1C90C832670E08500CAC2F0 /* ChineseCalendarKernel.swift in Sources */,
				B1C90C742670D6C100CAC2F0 /* ChineseCalendarApp.swift in Sources */,
			);
			runOnlyForDeploymentPostprocessing = 0;
		};
/* End PBXSourcesBuildPhase section */

/* Begin XCBuildConfiguration section */
		B1C90C7D2670D6C200CAC2F0 /* Debug */ = {
			isa = XCBuildConfiguration;
			buildSettings = {
				ALWAYS_SEARCH_USER_PATHS = NO;
				CLANG_ANALYZER_NONNULL = YES;
				CLANG_ANALYZER_NUMBER_OBJECT_CONVERSION = YES_AGGRESSIVE;
				CLANG_CXX_LANGUAGE_STANDARD = "gnu++14";
				CLANG_CXX_LIBRARY = "libc++";
				CLANG_ENABLE_MODULES = YES;
				CLANG_ENABLE_OBJC_ARC = YES;
				CLANG_ENABLE_OBJC_WEAK = YES;
				CLANG_WARN_BLOCK_CAPTURE_AUTORELEASING = YES;
				CLANG_WARN_BOOL_CONVERSION = YES;
				CLANG_WARN_COMMA = YES;
				CLANG_WARN_CONSTANT_CONVERSION = YES;
				CLANG_WARN_DEPRECATED_OBJC_IMPLEMENTATIONS = YES;
				CLANG_WARN_DIRECT_OBJC_ISA_USAGE = YES_ERROR;
				CLANG_WARN_DOCUMENTATION_COMMENTS = YES;
				CLANG_WARN_EMPTY_BODY = YES;
				CLANG_WARN_ENUM_CONVERSION = YES;
				CLANG_WARN_INFINITE_RECURSION = YES;
				CLANG_WARN_INT_CONVERSION = YES;
				CLANG_WARN_NON_LITERAL_NULL_CONVERSION = YES;
				CLANG_WARN_OBJC_IMPLICIT_RETAIN_SELF = YES;
				CLANG_WARN_OBJC_LITERAL_CONVERSION = YES;
				CLANG_WARN_OBJC_ROOT_CLASS = YES_ERROR;
				CLANG_WARN_QUOTED_INCLUDE_IN_FRAMEWORK_HEADER = YES;
				CLANG_WARN_RANGE_LOOP_ANALYSIS = YES;
				CLANG_WARN_STRICT_PROTOTYPES = YES;
				CLANG_WARN_SUSPICIOUS_MOVE = YES;
				CLANG_WARN_UNGUARDED_AVAILABILITY = YES_AGGRESSIVE;
				CLANG_WARN_UNREACHABLE_CODE = YES;
				CLANG_WARN__DUPLICATE_METHOD_MATCH = YES;
				COPY_PHASE_STRIP = NO;
				DEBUG_INFORMATION_FORMAT = dwarf;
				ENABLE_STRICT_OBJC_MSGSEND = YES;
				ENABLE_TESTABILITY = YES;
				GCC_C_LANGUAGE_STANDARD = gnu11;
				GCC_DYNAMIC_NO_PIC = NO;
				GCC_NO_COMMON_BLOCKS = YES;
				GCC_OPTIMIZATION_LEVEL = 0;
				GCC_PREPROCESSOR_DEFINITIONS = (
					"DEBUG=1",
					"$(inherited)",
				);
				GCC_WARN_64_TO_32_BIT_CONVERSION = YES;
				GCC_WARN_ABOUT_RETURN_TYPE = YES_ERROR;
				GCC_WARN_UNDECLARED_SELECTOR = YES;
				GCC_WARN_UNINITIALIZED_AUTOS = YES_AGGRESSIVE;
				GCC_WARN_UNUSED_FUNCTION = YES;
				GCC_WARN_UNUSED_VARIABLE = YES;
				IPHONEOS_DEPLOYMENT_TARGET = 14.5;
				MTL_ENABLE_DEBUG_INFO = INCLUDE_SOURCE;
				MTL_FAST_MATH = YES;
				ONLY_ACTIVE_ARCH = YES;
				SDKROOT = iphoneos;
				SWIFT_ACTIVE_COMPILATION_CONDITIONS = DEBUG;
				SWIFT_OPTIMIZATION_LEVEL = "-Onone";
			};
			name = Debug;
		};
		B1C90C7E2670D6C200CAC2F0 /* Release */ = {
			isa = XCBuildConfiguration;
			buildSettings = {
				ALWAYS_SEARCH_USER_PATHS = NO;
				CLANG_ANALYZER_NONNULL = YES;
				CLANG_ANALYZER_NUMBER_OBJECT_CONVERSION = YES_AGGRESSIVE;
				CLANG_CXX_LANGUAGE_STANDARD = "gnu++14";
				CLANG_CXX_LIBRARY = "libc++";
				CLANG_ENABLE_MODULES = YES;
				CLANG_ENABLE_OBJC_ARC = YES;
				CLANG_ENABLE_OBJC_WEAK = YES;
				CLANG_WARN_BLOCK_CAPTURE_AUTORELEASING = YES;
				CLANG_WARN_BOOL_CONVERSION = YES;
				CLANG_WARN_COMMA = YES;
				CLANG_WARN_CONSTANT_CONVERSION = YES;
				CLANG_WARN_DEPRECATED_OBJC_IMPLEMENTATIONS = YES;
				CLANG_WARN_DIRECT_OBJC_ISA_USAGE = YES_ERROR;
				CLANG_WARN_DOCUMENTATION_COMMENTS = YES;
				CLANG_WARN_EMPTY_BODY = YES;
				CLANG_WARN_ENUM_CONVERSION = YES;
				CLANG_WARN_INFINITE_RECURSION = YES;
				CLANG_WARN_INT_CONVERSION = YES;
				CLANG_WARN_NON_LITERAL_NULL_CONVERSION = YES;
				CLANG_WARN_OBJC_IMPLICIT_RETAIN_SELF = YES;
				CLANG_WARN_OBJC_LITERAL_CONVERSION = YES;
				CLANG_WARN_OBJC_ROOT_CLASS = YES_ERROR;
				CLANG_WARN_QUOTED_INCLUDE_IN_FRAMEWORK_HEADER = YES;
				CLANG_WARN_RANGE_LOOP_ANALYSIS = YES;
				CLANG_WARN_STRICT_PROTOTYPES = YES;
				CLANG_WARN_SUSPICIOUS_MOVE = YES;
				CLANG_WARN_UNGUARDED_AVAILABILITY = YES_AGGRESSIVE;
				CLANG_WARN_UNREACHABLE_CODE = YES;
				CLANG_WARN__DUPLICATE_METHOD_MATCH = YES;
				COPY_PHASE_STRIP = NO;
				DEBUG_INFORMATION_FORMAT = "dwarf-with-dsym";
				ENABLE_NS_ASSERTIONS = NO;
				ENABLE_STRICT_OBJC_MSGSEND = YES;
				GCC_C_LANGUAGE_STANDARD = gnu11;
				GCC_NO_COMMON_BLOCKS = YES;
				GCC_WARN_64_TO_32_BIT_CONVERSION = YES;
				GCC_WARN_ABOUT_RETURN_TYPE = YES_ERROR;
				GCC_WARN_UNDECLARED_SELECTOR = YES;
				GCC_WARN_UNINITIALIZED_AUTOS = YES_AGGRESSIVE;
				GCC_WARN_UNUSED_FUNCTION = YES;
				GCC_WARN_UNUSED_VARIABLE = YES;
				IPHONEOS_DEPLOYMENT_TARGET = 14.5;
				MTL_ENABLE_DEBUG_INFO = NO;
				MTL_FAST_MATH = YES;
				SDKROOT = iphoneos;
				SWIFT_COMPILATION_MODE = wholemodule;
				SWIFT_OPTIMIZATION_LEVEL = "-O";
				VALIDATE_PRODUCT = YES;
			};
			name = Release;
		};
		B1C90C802670D6C200CAC2F0 /* Debug */ = {
			isa = XCBuildConfiguration;
			buildSettings = {
				ASSETCATALOG_COMPILER_APPICON_NAME = AppIcon;
				ASSETCATALOG_COMPILER_GLOBAL_ACCENT_COLOR_NAME = AccentColor;
				CODE_SIGN_STYLE = Automatic;
				DEVELOPMENT_ASSET_PATHS = "\"ChineseCalendar/Preview Content\"";
				DEVELOPMENT_TEAM = 4M758JDM8U;
				ENABLE_PREVIEWS = YES;
				INFOPLIST_FILE = ChineseCalendar/Info.plist;
				IPHONEOS_DEPLOYMENT_TARGET = 14.0;
				LD_RUNPATH_SEARCH_PATHS = (
					"$(inherited)",
					"@executable_path/Frameworks",
				);
				PRODUCT_BUNDLE_IDENTIFIER = Mr.Quantum.ChineseCalendar;
				PRODUCT_NAME = "$(TARGET_NAME)";
				SWIFT_VERSION = 5.0;
				TARGETED_DEVICE_FAMILY = "1,2";
			};
			name = Debug;
		};
		B1C90C812670D6C200CAC2F0 /* Release */ = {
			isa = XCBuildConfiguration;
			buildSettings = {
				ASSETCATALOG_COMPILER_APPICON_NAME = AppIcon;
				ASSETCATALOG_COMPILER_GLOBAL_ACCENT_COLOR_NAME = AccentColor;
				CODE_SIGN_STYLE = Automatic;
				DEVELOPMENT_ASSET_PATHS = "\"ChineseCalendar/Preview Content\"";
				DEVELOPMENT_TEAM = 4M758JDM8U;
				ENABLE_PREVIEWS = YES;
				INFOPLIST_FILE = ChineseCalendar/Info.plist;
				IPHONEOS_DEPLOYMENT_TARGET = 14.0;
				LD_RUNPATH_SEARCH_PATHS = (
					"$(inherited)",
					"@executable_path/Frameworks",
				);
				PRODUCT_BUNDLE_IDENTIFIER = Mr.Quantum.ChineseCalendar;
				PRODUCT_NAME = "$(TARGET_NAME)";
				SWIFT_VERSION = 5.0;
				TARGETED_DEVICE_FAMILY = "1,2";
			};
			name = Release;
		};
/* End XCBuildConfiguration section */

/* Begin XCConfigurationList section */
		B1C90C6B2670D6C100CAC2F0 /* Build configuration list for PBXProject "ChineseCalendar" */ = {
			isa = XCConfigurationList;
			buildConfigurations = (
				B1C90C7D2670D6C200CAC2F0 /* Debug */,
				B1C90C7E2670D6C200CAC2F0 /* Release */,
			);
			defaultConfigurationIsVisible = 0;
			defaultConfigurationName = Release;
		};
		B1C90C7F2670D6C200CAC2F0 /* Build configuration list for PBXNativeTarget "ChineseCalendar" */ = {
			isa = XCConfigurationList;
			buildConfigurations = (
				B1C90C802670D6C200CAC2F0 /* Debug */,
				B1C90C812670D6C200CAC2F0 /* Release */,
			);
			defaultConfigurationIsVisible = 0;
			defaultConfigurationName = Release;
		};
/* End XCConfigurationList section */
	};
	rootObject = B1C90C682670D6C100CAC2F0 /* Project object */;
}
